
Microsoft Visual Studio Solution File, Format Version 12.00
Project("{2150E333-8FDC-42A3-9474-1A3956D46DE8}") = "chapter1", "chapter1", "{437F9697-7995-4320-8394-8A6574FE667A}"
EndProject
Project("{FAE04EC0-301F-11D3-BF4B-00C04F79EFBC}") = "Ex1", "Ex1\Ex1.csproj", "{15FBDEA7-3D5F-443A-BD5C-DAE150BF63DD}"
EndProject
Project("{FAE04EC0-301F-11D3-BF4B-00C04F79EFBC}") = "Ex2", "Ex2\Ex2.csproj", "{76F34ABC-E1F3-43EE-AC44-C202BB2BF052}"
EndProject
Project("{FAE04EC0-301F-11D3-BF4B-00C04F79EFBC}") = "Ex3", "Ex3\Ex3.csproj", "{8BAA6A83-A53C-4E62-8EF3-6B1C1A59AC6D}"
EndProject
Project("{2150E333-8FDC-42A3-9474-1A3956D46DE8}") = "chapter2", "chapter2", "{3D0ACC5F-EF85-4E66-B9B4-65EDB70C6594}"
EndProject
Project("{FAE04EC0-301F-11D3-BF4B-00C04F79EFBC}") = "Ex1", "chapter2\Ex1\Ex1.csproj", "{A2B998CF-D0D8-40F0-8469-BDA1DD3186D1}"
EndProject
Project("{2150E333-8FDC-42A3-9474-1A3956D46DE8}") = "chapter3", "chapter3", "{D9DB275B-0E4D-4541-9392-44EBCD14F93C}"
EndProject
Project("{FAE04EC0-301F-11D3-BF4B-00C04F79EFBC}") = "Ex1", "chapter3\Ex1\Ex1.csproj", "{A3C6898F-23D0-4328-A94E-316ECF1707F7}"
EndProject
Project("{FAE04EC0-301F-11D3-BF4B-00C04F79EFBC}") = "Ex2", "chapter3\Ex2\Ex2.csproj", "{9139A551-388A-4630-A6D1-F46D8479E6E4}"
EndProject
Project("{2150E333-8FDC-42A3-9474-1A3956D46DE8}") = "chapter4", "chapter4", "{D7DE06A4-C61A-4E51-ABBA-51F5AD2100EA}"
EndProject
Project("{FAE04EC0-301F-11D3-BF4B-00C04F79EFBC}") = "Ex1", "chapter4\Ex1\Ex1.csproj", "{86A2A281-74D4-4369-908F-EB6B4DBD55FD}"
EndProject
Project("{FAE04EC0-301F-11D3-BF4B-00C04F79EFBC}") = "Ex2", "chapter4\Ex2\Ex2.csproj", "{B954EA13-4A18-446E-8C36-A075AB3EB6EC}"
EndProject
Global
	GlobalSection(SolutionConfigurationPlatforms) = preSolution
		Debug|Any CPU = Debug|Any CPU
		Release|Any CPU = Release|Any CPU
	EndGlobalSection
	GlobalSection(NestedProjects) = preSolution
		{A2B998CF-D0D8-40F0-8469-BDA1DD3186D1} = {3D0ACC5F-EF85-4E66-B9B4-65EDB70C6594}
		{A3C6898F-23D0-4328-A94E-316ECF1707F7} = {D9DB275B-0E4D-4541-9392-44EBCD14F93C}
		{9139A551-388A-4630-A6D1-F46D8479E6E4} = {D9DB275B-0E4D-4541-9392-44EBCD14F93C}
		{15FBDEA7-3D5F-443A-BD5C-DAE150BF63DD} = {437F9697-7995-4320-8394-8A6574FE667A}
		{76F34ABC-E1F3-43EE-AC44-C202BB2BF052} = {437F9697-7995-4320-8394-8A6574FE667A}
		{8BAA6A83-A53C-4E62-8EF3-6B1C1A59AC6D} = {437F9697-7995-4320-8394-8A6574FE667A}
		{86A2A281-74D4-4369-908F-EB6B4DBD55FD} = {D7DE06A4-C61A-4E51-ABBA-51F5AD2100EA}
		{B954EA13-4A18-446E-8C36-A075AB3EB6EC} = {D7DE06A4-C61A-4E51-ABBA-51F5AD2100EA}
	EndGlobalSection
	GlobalSection(ProjectConfigurationPlatforms) = postSolution
		{15FBDEA7-3D5F-443A-BD5C-DAE150BF63DD}.Debug|Any CPU.ActiveCfg = Debug|Any CPU
		{15FBDEA7-3D5F-443A-BD5C-DAE150BF63DD}.Debug|Any CPU.Build.0 = Debug|Any CPU
		{15FBDEA7-3D5F-443A-BD5C-DAE150BF63DD}.Release|Any CPU.ActiveCfg = Release|Any CPU
		{15FBDEA7-3D5F-443A-BD5C-DAE150BF63DD}.Release|Any CPU.Build.0 = Release|Any CPU
		{76F34ABC-E1F3-43EE-AC44-C202BB2BF052}.Debug|Any CPU.ActiveCfg = Debug|Any CPU
		{76F34ABC-E1F3-43EE-AC44-C202BB2BF052}.Debug|Any CPU.Build.0 = Debug|Any CPU
		{76F34ABC-E1F3-43EE-AC44-C202BB2BF052}.Release|Any CPU.ActiveCfg = Release|Any CPU
		{76F34ABC-E1F3-43EE-AC44-C202BB2BF052}.Release|Any CPU.Build.0 = Release|Any CPU
		{8BAA6A83-A53C-4E62-8EF3-6B1C1A59AC6D}.Debug|Any CPU.ActiveCfg = Debug|Any CPU
		{8BAA6A83-A53C-4E62-8EF3-6B1C1A59AC6D}.Debug|Any CPU.Build.0 = Debug|Any CPU
		{8BAA6A83-A53C-4E62-8EF3-6B1C1A59AC6D}.Release|Any CPU.ActiveCfg = Release|Any CPU
		{8BAA6A83-A53C-4E62-8EF3-6B1C1A59AC6D}.Release|Any CPU.Build.0 = Release|Any CPU
		{A2B998CF-D0D8-40F0-8469-BDA1DD3186D1}.Debug|Any CPU.ActiveCfg = Debug|Any CPU
		{A2B998CF-D0D8-40F0-8469-BDA1DD3186D1}.Debug|Any CPU.Build.0 = Debug|Any CPU
		{A2B998CF-D0D8-40F0-8469-BDA1DD3186D1}.Release|Any CPU.ActiveCfg = Release|Any CPU
		{A2B998CF-D0D8-40F0-8469-BDA1DD3186D1}.Release|Any CPU.Build.0 = Release|Any CPU
		{A3C6898F-23D0-4328-A94E-316ECF1707F7}.Debug|Any CPU.ActiveCfg = Debug|Any CPU
		{A3C6898F-23D0-4328-A94E-316ECF1707F7}.Debug|Any CPU.Build.0 = Debug|Any CPU
		{A3C6898F-23D0-4328-A94E-316ECF1707F7}.Release|Any CPU.ActiveCfg = Release|Any CPU
		{A3C6898F-23D0-4328-A94E-316ECF1707F7}.Release|Any CPU.Build.0 = Release|Any CPU
		{9139A551-388A-4630-A6D1-F46D8479E6E4}.Debug|Any CPU.ActiveCfg = Debug|Any CPU
		{9139A551-388A-4630-A6D1-F46D8479E6E4}.Debug|Any CPU.Build.0 = Debug|Any CPU
		{9139A551-388A-4630-A6D1-F46D8479E6E4}.Release|Any CPU.ActiveCfg = Release|Any CPU
		{9139A551-388A-4630-A6D1-F46D8479E6E4}.Release|Any CPU.Build.0 = Release|Any CPU
		{86A2A281-74D4-4369-908F-EB6B4DBD55FD}.Debug|Any CPU.ActiveCfg = Debug|Any CPU
		{86A2A281-74D4-4369-908F-EB6B4DBD55FD}.Debug|Any CPU.Build.0 = Debug|Any CPU
		{86A2A281-74D4-4369-908F-EB6B4DBD55FD}.Release|Any CPU.ActiveCfg = Release|Any CPU
		{86A2A281-74D4-4369-908F-EB6B4DBD55FD}.Release|Any CPU.Build.0 = Release|Any CPU
		{B954EA13-4A18-446E-8C36-A075AB3EB6EC}.Debug|Any CPU.ActiveCfg = Debug|Any CPU
		{B954EA13-4A18-446E-8C36-A075AB3EB6EC}.Debug|Any CPU.Build.0 = Debug|Any CPU
		{B954EA13-4A18-446E-8C36-A075AB3EB6EC}.Release|Any CPU.ActiveCfg = Release|Any CPU
		{B954EA13-4A18-446E-8C36-A075AB3EB6EC}.Release|Any CPU.Build.0 = Release|Any CPU
	EndGlobalSection
EndGlobal
